
Microsoft Visual Studio Solution File, Format Version 12.00
# Visual Studio 15
VisualStudioVersion = 15.0.28307.572
MinimumVisualStudioVersion = 10.0.40219.1
Project("{FAE04EC0-301F-11D3-BF4B-00C04F79EFBC}") = "DoxFlorisMVCWeb", "DoxFlorisMVCWeb\DoxFlorisMVCWeb.csproj", "{64621765-01B0-44AB-BEAD-1C4ED830C65D}"
EndProject
Global
	GlobalSection(SolutionConfigurationPlatforms) = preSolution
		Debug|Any CPU = Debug|Any CPU
		Release|Any CPU = Release|Any CPU
	EndGlobalSection
	GlobalSection(ProjectConfigurationPlatforms) = postSolution
		{64621765-01B0-44AB-BEAD-1C4ED830C65D}.Debug|Any CPU.ActiveCfg = Debug|Any CPU
		{64621765-01B0-44AB-BEAD-1C4ED830C65D}.Debug|Any CPU.Build.0 = Debug|Any CPU
		{64621765-01B0-44AB-BEAD-1C4ED830C65D}.Release|Any CPU.ActiveCfg = Release|Any CPU
		{64621765-01B0-44AB-BEAD-1C4ED830C65D}.Release|Any CPU.Build.0 = Release|Any CPU
	EndGlobalSection
	GlobalSection(SolutionProperties) = preSolution
		HideSolutionNode = FALSE
	EndGlobalSection
	GlobalSection(ExtensibilityGlobals) = postSolution
		SolutionGuid = {180673DE-5F84-43F0-873B-870EAE4ED64B}
	EndGlobalSection
EndGlobal
